
Microsoft Visual Studio Solution File, Format Version 12.00
# Visual Studio Version 17
VisualStudioVersion = 17.8.34511.84
MinimumVisualStudioVersion = 10.0.40219.1
Project("{FAE04EC0-301F-11D3-BF4B-00C04F79EFBC}") = "labb1-Generics", "labb1-Generics\labb1-Generics.csproj", "{5E442CD6-BAD1-4868-BD0A-AE337EF335E4}"
EndProject
Global
	GlobalSection(SolutionConfigurationPlatforms) = preSolution
		Debug|Any CPU = Debug|Any CPU
		Release|Any CPU = Release|Any CPU
	EndGlobalSection
	GlobalSection(ProjectConfigurationPlatforms) = postSolution
		{5E442CD6-BAD1-4868-BD0A-AE337EF335E4}.Debug|Any CPU.ActiveCfg = Debug|Any CPU
		{5E442CD6-BAD1-4868-BD0A-AE337EF335E4}.Debug|Any CPU.Build.0 = Debug|Any CPU
		{5E442CD6-BAD1-4868-BD0A-AE337EF335E4}.Release|Any CPU.ActiveCfg = Release|Any CPU
		{5E442CD6-BAD1-4868-BD0A-AE337EF335E4}.Release|Any CPU.Build.0 = Release|Any CPU
	EndGlobalSection
	GlobalSection(SolutionProperties) = preSolution
		HideSolutionNode = FALSE
	EndGlobalSection
	GlobalSection(ExtensibilityGlobals) = postSolution
		SolutionGuid = {C8CB18E5-C322-4D63-8C77-2974C0ECC924}
	EndGlobalSection
EndGlobal
